
Microsoft Visual Studio Solution File, Format Version 12.00
# Visual Studio 15
VisualStudioVersion = 15.0.28307.1525
MinimumVisualStudioVersion = 10.0.40219.1
Project("{FAE04EC0-301F-11D3-BF4B-00C04F79EFBC}") = "WebApplication2", "WebApplication2\WebApplication2.csproj", "{08C84FAD-00DF-4A2B-890A-EFAC362B1F63}"
EndProject
Global
	GlobalSection(SolutionConfigurationPlatforms) = preSolution
		Debug|Any CPU = Debug|Any CPU
		Release|Any CPU = Release|Any CPU
	EndGlobalSection
	GlobalSection(ProjectConfigurationPlatforms) = postSolution
		{08C84FAD-00DF-4A2B-890A-EFAC362B1F63}.Debug|Any CPU.ActiveCfg = Debug|Any CPU
		{08C84FAD-00DF-4A2B-890A-EFAC362B1F63}.Debug|Any CPU.Build.0 = Debug|Any CPU
		{08C84FAD-00DF-4A2B-890A-EFAC362B1F63}.Release|Any CPU.ActiveCfg = Release|Any CPU
		{08C84FAD-00DF-4A2B-890A-EFAC362B1F63}.Release|Any CPU.Build.0 = Release|Any CPU
	EndGlobalSection
	GlobalSection(SolutionProperties) = preSolution
		HideSolutionNode = FALSE
	EndGlobalSection
	GlobalSection(ExtensibilityGlobals) = postSolution
		SolutionGuid = {7DFF51BA-74DA-4873-A147-3A934F17FF13}
	EndGlobalSection
EndGlobal
